<?xml version="1.0" encoding="utf-8"?>
<Project ToolsVersion="4.0" xmlns="http://schemas.microsoft.com/developer/msbuild/2003">
  <ItemGroup>
    <Filter Include="Source Files">
      <UniqueIdentifier>{4FC737F1-C7A5-4376-A066-2A32D752A2FF}</UniqueIdentifier>
      <Extensions>cpp;c;cc;cxx;c++;cppm;ixx;def;odl;idl;hpj;bat;asm;asmx</Extensions>
    </Filter>
    <Filter Include="Header Files">
      <UniqueIdentifier>{93995380-89BD-4b04-88EB-625FBE52EBFB}</UniqueIdentifier>
      <Extensions>h;hh;hpp;hxx;h++;hm;inl;inc;ipp;xsd</Extensions>
    </Filter>
    <Filter Include="Resource Files">
      <UniqueIdentifier>{67DA6AB6-F800-4c08-8B7A-83BB121AAD01}</UniqueIdentifier>
      <Extensions>rc;ico;cur;bmp;dlg;rc2;rct;bin;rgs;gif;jpg;jpeg;jpe;resx;tiff;tif;png;wav;mfcribbon-ms</Extensions>
    </Filter>
  </ItemGroup>
  <ItemGroup>
    <ClCompile Include="..\ME1-SDK\SDK\ME1_BIOC_WorldResources_functions.cpp">
      <Filter>Source Files</Filter>
    </ClCompile>
    <ClCompile Include="..\ME1-SDK\SDK\ME1_BIOG_Design_functions.cpp">
      <Filter>Source Files</Filter>
    </ClCompile>
    <ClCompile Include="..\ME1-SDK\SDK\ME1_BIOG_Powers_functions.cpp">
      <Filter>Source Files</Filter>
    </ClCompile>
    <ClCompile Include="..\ME1-SDK\SDK\ME1_BIOG_StrategicAI_functions.cpp">
      <Filter>Source Files</Filter>
    </ClCompile>
    <ClCompile Include="..\ME1-SDK\SDK\ME1_Core_functions.cpp">
      <Filter>Source Files</Filter>
    </ClCompile>
    <ClCompile Include="..\ME1-SDK\SDK\ME1_Engine_functions.cpp">
      <Filter>Source Files</Filter>
    </ClCompile>
    <ClCompile Include="..\ME1-SDK\SDK\ME1_GameFramework_functions.cpp">
      <Filter>Source Files</Filter>
    </ClCompile>
    <ClCompile Include="..\ME1-SDK\SDK\ME1_IpDrv_functions.cpp">
      <Filter>Source Files</Filter>
    </ClCompile>
    <ClCompile Include="..\ME1-SDK\SDK\ME1_ISACTAudio_functions.cpp">
      <Filter>Source Files</Filter>
    </ClCompile>
    <ClCompile Include="..\ME1-SDK\SDK\ME1_PlotManager_functions.cpp">
      <Filter>Source Files</Filter>
    </ClCompile>
    <ClCompile Include="..\ME1-SDK\SDK\ME1_PlotManagerMap_functions.cpp">
      <Filter>Source Files</Filter>
    </ClCompile>
    <ClCompile Include="..\ME1-SDK\SDK\ME1_WinDrv_functions.cpp">
      <Filter>Source Files</Filter>
    </ClCompile>
    <ClCompile Include="..\ME1-SDK\SDK\ME1_Basic.cpp">
      <Filter>Source Files</Filter>
    </ClCompile>
    <ClCompile Include="..\ME1-SDK\SDK\ME1_BIOC_Base_functions.cpp">
      <Filter>Source Files</Filter>
    </ClCompile>
    <ClCompile Include="..\ME1-SDK\SDK\ME1_BIOC_Materials_functions.cpp">
      <Filter>Source Files</Filter>
    </ClCompile>
    <ClCompile Include="..\ME1-SDK\SDK\ME1_BIOC_VehicleResources_functions.cpp">
      <Filter>Source Files</Filter>
    </ClCompile>
  </ItemGroup>
  <ItemGroup>
    <ClInclude Include="..\ME1-SDK\SDK\ME1_BIOG_Design_parameters.hpp">
      <Filter>Header Files</Filter>
    </ClInclude>
    <ClInclude Include="..\ME1-SDK\SDK\ME1_BIOG_Design_structs.hpp">
      <Filter>Header Files</Filter>
    </ClInclude>
    <ClInclude Include="..\ME1-SDK\SDK\ME1_BIOG_Powers_classes.hpp">
      <Filter>Header Files</Filter>
    </ClInclude>
    <ClInclude Include="..\ME1-SDK\SDK\ME1_BIOG_Powers_parameters.hpp">
      <Filter>Header Files</Filter>
    </ClInclude>
    <ClInclude Include="..\ME1-SDK\SDK\ME1_BIOG_Powers_structs.hpp">
      <Filter>Header Files</Filter>
    </ClInclude>
    <ClInclude Include="..\ME1-SDK\SDK\ME1_BIOG_StrategicAI_classes.hpp">
      <Filter>Header Files</Filter>
    </ClInclude>
    <ClInclude Include="..\ME1-SDK\SDK\ME1_BIOG_StrategicAI_parameters.hpp">
      <Filter>Header Files</Filter>
    </ClInclude>
    <ClInclude Include="..\ME1-SDK\SDK\ME1_BIOG_StrategicAI_structs.hpp">
      <Filter>Header Files</Filter>
    </ClInclude>
    <ClInclude Include="..\ME1-SDK\SDK\ME1_Core_classes.hpp">
      <Filter>Header Files</Filter>
    </ClInclude>
    <ClInclude Include="..\ME1-SDK\SDK\ME1_Core_parameters.hpp">
      <Filter>Header Files</Filter>
    </ClInclude>
    <ClInclude Include="..\ME1-SDK\SDK\ME1_Core_structs.hpp">
      <Filter>Header Files</Filter>
    </ClInclude>
    <ClInclude Include="..\ME1-SDK\SDK\ME1_Engine_classes.hpp">
      <Filter>Header Files</Filter>
    </ClInclude>
    <ClInclude Include="..\ME1-SDK\SDK\ME1_Engine_parameters.hpp">
      <Filter>Header Files</Filter>
    </ClInclude>
    <ClInclude Include="..\ME1-SDK\SDK\ME1_Engine_structs.hpp">
      <Filter>Header Files</Filter>
    </ClInclude>
    <ClInclude Include="..\ME1-SDK\SDK\ME1_GameFramework_classes.hpp">
      <Filter>Header Files</Filter>
    </ClInclude>
    <ClInclude Include="..\ME1-SDK\SDK\ME1_GameFramework_parameters.hpp">
      <Filter>Header Files</Filter>
    </ClInclude>
    <ClInclude Include="..\ME1-SDK\SDK\ME1_GameFramework_structs.hpp">
      <Filter>Header Files</Filter>
    </ClInclude>
    <ClInclude Include="..\ME1-SDK\SDK\ME1_IpDrv_classes.hpp">
      <Filter>Header Files</Filter>
    </ClInclude>
    <ClInclude Include="..\ME1-SDK\SDK\ME1_IpDrv_parameters.hpp">
      <Filter>Header Files</Filter>
    </ClInclude>
    <ClInclude Include="..\ME1-SDK\SDK\ME1_IpDrv_structs.hpp">
      <Filter>Header Files</Filter>
    </ClInclude>
    <ClInclude Include="..\ME1-SDK\SDK\ME1_ISACTAudio_classes.hpp">
      <Filter>Header Files</Filter>
    </ClInclude>
    <ClInclude Include="..\ME1-SDK\SDK\ME1_ISACTAudio_parameters.hpp">
      <Filter>Header Files</Filter>
    </ClInclude>
    <ClInclude Include="..\ME1-SDK\SDK\ME1_ISACTAudio_structs.hpp">
      <Filter>Header Files</Filter>
    </ClInclude>
    <ClInclude Include="..\ME1-SDK\SDK\ME1_PlotManager_classes.hpp">
      <Filter>Header Files</Filter>
    </ClInclude>
    <ClInclude Include="..\ME1-SDK\SDK\ME1_PlotManager_parameters.hpp">
      <Filter>Header Files</Filter>
    </ClInclude>
    <ClInclude Include="..\ME1-SDK\SDK\ME1_PlotManager_structs.hpp">
      <Filter>Header Files</Filter>
    </ClInclude>
    <ClInclude Include="..\ME1-SDK\SDK\ME1_PlotManagerMap_classes.hpp">
      <Filter>Header Files</Filter>
    </ClInclude>
    <ClInclude Include="..\ME1-SDK\SDK\ME1_PlotManagerMap_parameters.hpp">
      <Filter>Header Files</Filter>
    </ClInclude>
    <ClInclude Include="..\ME1-SDK\SDK\ME1_PlotManagerMap_structs.hpp">
      <Filter>Header Files</Filter>
    </ClInclude>
    <ClInclude Include="..\ME1-SDK\SDK\ME1_WinDrv_classes.hpp">
      <Filter>Header Files</Filter>
    </ClInclude>
    <ClInclude Include="..\ME1-SDK\SDK\ME1_WinDrv_parameters.hpp">
      <Filter>Header Files</Filter>
    </ClInclude>
    <ClInclude Include="..\ME1-SDK\SDK\ME1_WinDrv_structs.hpp">
      <Filter>Header Files</Filter>
    </ClInclude>
    <ClInclude Include="..\ME1-SDK\SDK\ME1_Basic.hpp">
      <Filter>Header Files</Filter>
    </ClInclude>
    <ClInclude Include="..\ME1-SDK\SDK\ME1_BIOC_Base_classes.hpp">
      <Filter>Header Files</Filter>
    </ClInclude>
    <ClInclude Include="..\ME1-SDK\SDK\ME1_BIOC_Base_parameters.hpp">
      <Filter>Header Files</Filter>
    </ClInclude>
    <ClInclude Include="..\ME1-SDK\SDK\ME1_BIOC_Base_structs.hpp">
      <Filter>Header Files</Filter>
    </ClInclude>
    <ClInclude Include="..\ME1-SDK\SDK\ME1_BIOC_Materials_classes.hpp">
      <Filter>Header Files</Filter>
    </ClInclude>
    <ClInclude Include="..\ME1-SDK\SDK\ME1_BIOC_Materials_parameters.hpp">
      <Filter>Header Files</Filter>
    </ClInclude>
    <ClInclude Include="..\ME1-SDK\SDK\ME1_BIOC_Materials_structs.hpp">
      <Filter>Header Files</Filter>
    </ClInclude>
    <ClInclude Include="..\ME1-SDK\SDK\ME1_BIOC_VehicleResources_classes.hpp">
      <Filter>Header Files</Filter>
    </ClInclude>
    <ClInclude Include="..\ME1-SDK\SDK\ME1_BIOC_VehicleResources_parameters.hpp">
      <Filter>Header Files</Filter>
    </ClInclude>
    <ClInclude Include="..\ME1-SDK\SDK\ME1_BIOC_VehicleResources_structs.hpp">
      <Filter>Header Files</Filter>
    </ClInclude>
    <ClInclude Include="..\ME1-SDK\SDK\ME1_BIOC_WorldResources_classes.hpp">
      <Filter>Header Files</Filter>
    </ClInclude>
    <ClInclude Include="..\ME1-SDK\SDK\ME1_BIOC_WorldResources_parameters.hpp">
      <Filter>Header Files</Filter>
    </ClInclude>
    <ClInclude Include="..\ME1-SDK\SDK\ME1_BIOC_WorldResources_structs.hpp">
      <Filter>Header Files</Filter>
    </ClInclude>
    <ClInclude Include="..\ME1-SDK\SDK\ME1_BIOG_Design_classes.hpp">
      <Filter>Header Files</Filter>
    </ClInclude>
    <ClInclude Include="..\ME1-SDK\ME3TweaksHeader.h">
      <Filter>Header Files</Filter>
    </ClInclude>
  </ItemGroup>
</Project>